// !$*UTF8*$!
{
	archiveVersion = 1;
	classes = {
	};
	objectVersion = 46;
	objects = {

/* Begin PBXBuildFile section */
		260F6BE71B10C84E00ED37FB /* RMViewAnimator.m in Sources */ = {isa = PBXBuildFile; fileRef = 260F6BE61B10C84E00ED37FB /* RMViewAnimator.m */; };
		2610FFD01B02965E00437076 /* RMTruckSignUpVC.m in Sources */ = {isa = PBXBuildFile; fileRef = 2610FFCF1B02965E00437076 /* RMTruckSignUpVC.m */; };
		2610FFD31B0296A400437076 /* RMPersonSignUpVC.m in Sources */ = {isa = PBXBuildFile; fileRef = 2610FFD21B0296A400437076 /* RMPersonSignUpVC.m */; };
		26364A231B165B22005681A9 /* Bolts.framework in Frameworks */ = {isa = PBXBuildFile; fileRef = 26364A221B165B22005681A9 /* Bolts.framework */; };
		26364A251B165B2D005681A9 /* Parse.framework in Frameworks */ = {isa = PBXBuildFile; fileRef = 26364A241B165B2D005681A9 /* Parse.framework */; };
		26916F061B016E5000091113 /* AudioToolbox.framework in Frameworks */ = {isa = PBXBuildFile; fileRef = 26916F051B016E5000091113 /* AudioToolbox.framework */; };
		26916F081B016E5700091113 /* CFNetwork.framework in Frameworks */ = {isa = PBXBuildFile; fileRef = 26916F071B016E5700091113 /* CFNetwork.framework */; };
		26916F0A1B016E6000091113 /* CoreGraphics.framework in Frameworks */ = {isa = PBXBuildFile; fileRef = 26916F091B016E6000091113 /* CoreGraphics.framework */; };
		26916F0C1B016E6D00091113 /* MobileCoreServices.framework in Frameworks */ = {isa = PBXBuildFile; fileRef = 26916F0B1B016E6D00091113 /* MobileCoreServices.framework */; };
		26916F0E1B016E7500091113 /* QuartzCore.framework in Frameworks */ = {isa = PBXBuildFile; fileRef = 26916F0D1B016E7500091113 /* QuartzCore.framework */; };
		26916F101B016E7D00091113 /* Security.framework in Frameworks */ = {isa = PBXBuildFile; fileRef = 26916F0F1B016E7D00091113 /* Security.framework */; };
		26916F121B016E8300091113 /* StoreKit.framework in Frameworks */ = {isa = PBXBuildFile; fileRef = 26916F111B016E8300091113 /* StoreKit.framework */; };
		26916F141B016E8E00091113 /* SystemConfiguration.framework in Frameworks */ = {isa = PBXBuildFile; fileRef = 26916F131B016E8E00091113 /* SystemConfiguration.framework */; };
		26916F161B016E9800091113 /* libz.dylib in Frameworks */ = {isa = PBXBuildFile; fileRef = 26916F151B016E9800091113 /* libz.dylib */; };
		26916F181B016EA500091113 /* libsqlite3.dylib in Frameworks */ = {isa = PBXBuildFile; fileRef = 26916F171B016EA500091113 /* libsqlite3.dylib */; };
		26916F1C1B02359200091113 /* RMContentEditVC.m in Sources */ = {isa = PBXBuildFile; fileRef = 26916F1B1B02359200091113 /* RMContentEditVC.m */; };
		26916F1F1B02468900091113 /* RMTruckEditView.m in Sources */ = {isa = PBXBuildFile; fileRef = 26916F1E1B02468900091113 /* RMTruckEditView.m */; };
		26916F211B0246A000091113 /* RMTruckEditView.xib in Resources */ = {isa = PBXBuildFile; fileRef = 26916F201B0246A000091113 /* RMTruckEditView.xib */; };
		26C1BC401B1658D000FEE653 /* Social.framework in Frameworks */ = {isa = PBXBuildFile; fileRef = 26C1BC3F1B1658D000FEE653 /* Social.framework */; };
		26C1BC421B16592900FEE653 /* Accounts.framework in Frameworks */ = {isa = PBXBuildFile; fileRef = 26C1BC411B16592900FEE653 /* Accounts.framework */; };
		26C7C34D1AF95F4D00D99828 /* main.m in Sources */ = {isa = PBXBuildFile; fileRef = 26C7C34C1AF95F4D00D99828 /* main.m */; };
		26C7C3501AF95F4D00D99828 /* AppDelegate.m in Sources */ = {isa = PBXBuildFile; fileRef = 26C7C34F1AF95F4D00D99828 /* AppDelegate.m */; };
		26C7C3531AF95F4D00D99828 /* RMLoginVC.m in Sources */ = {isa = PBXBuildFile; fileRef = 26C7C3521AF95F4D00D99828 /* RMLoginVC.m */; };
		26C7C3561AF95F4D00D99828 /* Main.storyboard in Resources */ = {isa = PBXBuildFile; fileRef = 26C7C3541AF95F4D00D99828 /* Main.storyboard */; };
		26C7C3581AF95F4D00D99828 /* Images.xcassets in Resources */ = {isa = PBXBuildFile; fileRef = 26C7C3571AF95F4D00D99828 /* Images.xcassets */; };
		26C7C35B1AF95F4D00D99828 /* LaunchScreen.xib in Resources */ = {isa = PBXBuildFile; fileRef = 26C7C3591AF95F4D00D99828 /* LaunchScreen.xib */; };
		26C7C3671AF95F4D00D99828 /* CornerKitchenTests.m in Sources */ = {isa = PBXBuildFile; fileRef = 26C7C3661AF95F4D00D99828 /* CornerKitchenTests.m */; };
		26C7C3721AF9607F00D99828 /* RMCheckInVC.m in Sources */ = {isa = PBXBuildFile; fileRef = 26C7C3711AF9607F00D99828 /* RMCheckInVC.m */; };
		26C7C3751AF9609F00D99828 /* RMTruckEditVC.m in Sources */ = {isa = PBXBuildFile; fileRef = 26C7C3741AF9609F00D99828 /* RMTruckEditVC.m */; };
		26C7C37A1AF9611300D99828 /* RMDataLoader.m in Sources */ = {isa = PBXBuildFile; fileRef = 26C7C3791AF9611300D99828 /* RMDataLoader.m */; };
		26C7C37D1AF9612F00D99828 /* RMTruck.m in Sources */ = {isa = PBXBuildFile; fileRef = 26C7C37C1AF9612F00D99828 /* RMTruck.m */; };
		26C7C3811AF961DB00D99828 /* Quicksand-Bold.ttf in Resources */ = {isa = PBXBuildFile; fileRef = 26C7C37E1AF961DB00D99828 /* Quicksand-Bold.ttf */; };
		26C7C3821AF961DB00D99828 /* Quicksand-Light.ttf in Resources */ = {isa = PBXBuildFile; fileRef = 26C7C37F1AF961DB00D99828 /* Quicksand-Light.ttf */; };
		26C7C3831AF961DB00D99828 /* Quicksand-Regular.ttf in Resources */ = {isa = PBXBuildFile; fileRef = 26C7C3801AF961DB00D99828 /* Quicksand-Regular.ttf */; };
		26C7C3851AFA9AAB00D99828 /* MapKit.framework in Frameworks */ = {isa = PBXBuildFile; fileRef = 26C7C3841AFA9AAB00D99828 /* MapKit.framework */; };
		26C7C3871AFA9AB000D99828 /* CoreLocation.framework in Frameworks */ = {isa = PBXBuildFile; fileRef = 26C7C3861AFA9AB000D99828 /* CoreLocation.framework */; };
		26C80BBA1AFE82EF003137F6 /* RMTruckDetailView.m in Sources */ = {isa = PBXBuildFile; fileRef = 26C80BB91AFE82EF003137F6 /* RMTruckDetailView.m */; };
		26C80BBC1AFE831F003137F6 /* RMTruckDetailView.xib in Resources */ = {isa = PBXBuildFile; fileRef = 26C80BBB1AFE831F003137F6 /* RMTruckDetailView.xib */; };
		26FD72751B1656A400583D7B /* Podfile in Resources */ = {isa = PBXBuildFile; fileRef = 26FD72741B1656A400583D7B /* Podfile */; };
		B327FFB59F996D12910EA7B5 /* libPods.a in Frameworks */ = {isa = PBXBuildFile; fileRef = 7899684A590F0190E443FDBB /* libPods.a */; };
/* End PBXBuildFile section */

/* Begin PBXContainerItemProxy section */
		26C7C3611AF95F4D00D99828 /* PBXContainerItemProxy */ = {
			isa = PBXContainerItemProxy;
			containerPortal = 26C7C33F1AF95F4D00D99828 /* Project object */;
			proxyType = 1;
			remoteGlobalIDString = 26C7C3461AF95F4D00D99828;
			remoteInfo = CornerKitchen;
		};
/* End PBXContainerItemProxy section */

/* Begin PBXFileReference section */
		260F6BE51B10C84E00ED37FB /* RMViewAnimator.h */ = {isa = PBXFileReference; fileEncoding = 4; lastKnownFileType = sourcecode.c.h; path = RMViewAnimator.h; sourceTree = "<group>"; };
		260F6BE61B10C84E00ED37FB /* RMViewAnimator.m */ = {isa = PBXFileReference; fileEncoding = 4; lastKnownFileType = sourcecode.c.objc; path = RMViewAnimator.m; sourceTree = "<group>"; };
		2610FFCE1B02965E00437076 /* RMTruckSignUpVC.h */ = {isa = PBXFileReference; fileEncoding = 4; lastKnownFileType = sourcecode.c.h; path = RMTruckSignUpVC.h; sourceTree = "<group>"; };
		2610FFCF1B02965E00437076 /* RMTruckSignUpVC.m */ = {isa = PBXFileReference; fileEncoding = 4; lastKnownFileType = sourcecode.c.objc; path = RMTruckSignUpVC.m; sourceTree = "<group>"; };
		2610FFD11B0296A400437076 /* RMPersonSignUpVC.h */ = {isa = PBXFileReference; fileEncoding = 4; lastKnownFileType = sourcecode.c.h; path = RMPersonSignUpVC.h; sourceTree = "<group>"; };
		2610FFD21B0296A400437076 /* RMPersonSignUpVC.m */ = {isa = PBXFileReference; fileEncoding = 4; lastKnownFileType = sourcecode.c.objc; path = RMPersonSignUpVC.m; sourceTree = "<group>"; };
		26364A221B165B22005681A9 /* Bolts.framework */ = {isa = PBXFileReference; lastKnownFileType = wrapper.framework; path = Bolts.framework; sourceTree = "<group>"; };
		26364A241B165B2D005681A9 /* Parse.framework */ = {isa = PBXFileReference; lastKnownFileType = wrapper.framework; path = Parse.framework; sourceTree = "<group>"; };
		26916F051B016E5000091113 /* AudioToolbox.framework */ = {isa = PBXFileReference; lastKnownFileType = wrapper.framework; name = AudioToolbox.framework; path = System/Library/Frameworks/AudioToolbox.framework; sourceTree = SDKROOT; };
		26916F071B016E5700091113 /* CFNetwork.framework */ = {isa = PBXFileReference; lastKnownFileType = wrapper.framework; name = CFNetwork.framework; path = System/Library/Frameworks/CFNetwork.framework; sourceTree = SDKROOT; };
		26916F091B016E6000091113 /* CoreGraphics.framework */ = {isa = PBXFileReference; lastKnownFileType = wrapper.framework; name = CoreGraphics.framework; path = System/Library/Frameworks/CoreGraphics.framework; sourceTree = SDKROOT; };
		26916F0B1B016E6D00091113 /* MobileCoreServices.framework */ = {isa = PBXFileReference; lastKnownFileType = wrapper.framework; name = MobileCoreServices.framework; path = System/Library/Frameworks/MobileCoreServices.framework; sourceTree = SDKROOT; };
		26916F0D1B016E7500091113 /* QuartzCore.framework */ = {isa = PBXFileReference; lastKnownFileType = wrapper.framework; name = QuartzCore.framework; path = System/Library/Frameworks/QuartzCore.framework; sourceTree = SDKROOT; };
		26916F0F1B016E7D00091113 /* Security.framework */ = {isa = PBXFileReference; lastKnownFileType = wrapper.framework; name = Security.framework; path = System/Library/Frameworks/Security.framework; sourceTree = SDKROOT; };
		26916F111B016E8300091113 /* StoreKit.framework */ = {isa = PBXFileReference; lastKnownFileType = wrapper.framework; name = StoreKit.framework; path = System/Library/Frameworks/StoreKit.framework; sourceTree = SDKROOT; };
		26916F131B016E8E00091113 /* SystemConfiguration.framework */ = {isa = PBXFileReference; lastKnownFileType = wrapper.framework; name = SystemConfiguration.framework; path = System/Library/Frameworks/SystemConfiguration.framework; sourceTree = SDKROOT; };
		26916F151B016E9800091113 /* libz.dylib */ = {isa = PBXFileReference; lastKnownFileType = "compiled.mach-o.dylib"; name = libz.dylib; path = usr/lib/libz.dylib; sourceTree = SDKROOT; };
		26916F171B016EA500091113 /* libsqlite3.dylib */ = {isa = PBXFileReference; lastKnownFileType = "compiled.mach-o.dylib"; name = libsqlite3.dylib; path = usr/lib/libsqlite3.dylib; sourceTree = SDKROOT; };
		26916F1A1B02359200091113 /* RMContentEditVC.h */ = {isa = PBXFileReference; fileEncoding = 4; lastKnownFileType = sourcecode.c.h; path = RMContentEditVC.h; sourceTree = "<group>"; };
		26916F1B1B02359200091113 /* RMContentEditVC.m */ = {isa = PBXFileReference; fileEncoding = 4; lastKnownFileType = sourcecode.c.objc; path = RMContentEditVC.m; sourceTree = "<group>"; };
		26916F1D1B02468900091113 /* RMTruckEditView.h */ = {isa = PBXFileReference; fileEncoding = 4; lastKnownFileType = sourcecode.c.h; path = RMTruckEditView.h; sourceTree = "<group>"; };
		26916F1E1B02468900091113 /* RMTruckEditView.m */ = {isa = PBXFileReference; fileEncoding = 4; lastKnownFileType = sourcecode.c.objc; path = RMTruckEditView.m; sourceTree = "<group>"; };
		26916F201B0246A000091113 /* RMTruckEditView.xib */ = {isa = PBXFileReference; fileEncoding = 4; lastKnownFileType = file.xib; path = RMTruckEditView.xib; sourceTree = "<group>"; };
		26C1BC3F1B1658D000FEE653 /* Social.framework */ = {isa = PBXFileReference; lastKnownFileType = wrapper.framework; name = Social.framework; path = System/Library/Frameworks/Social.framework; sourceTree = SDKROOT; };
		26C1BC411B16592900FEE653 /* Accounts.framework */ = {isa = PBXFileReference; lastKnownFileType = wrapper.framework; name = Accounts.framework; path = System/Library/Frameworks/Accounts.framework; sourceTree = SDKROOT; };
		26C7C3471AF95F4D00D99828 /* CornerKitchen.app */ = {isa = PBXFileReference; explicitFileType = wrapper.application; includeInIndex = 0; path = CornerKitchen.app; sourceTree = BUILT_PRODUCTS_DIR; };
		26C7C34B1AF95F4D00D99828 /* Info.plist */ = {isa = PBXFileReference; lastKnownFileType = text.plist.xml; path = Info.plist; sourceTree = "<group>"; };
		26C7C34C1AF95F4D00D99828 /* main.m */ = {isa = PBXFileReference; lastKnownFileType = sourcecode.c.objc; path = main.m; sourceTree = "<group>"; };
		26C7C34E1AF95F4D00D99828 /* AppDelegate.h */ = {isa = PBXFileReference; lastKnownFileType = sourcecode.c.h; path = AppDelegate.h; sourceTree = "<group>"; };
		26C7C34F1AF95F4D00D99828 /* AppDelegate.m */ = {isa = PBXFileReference; lastKnownFileType = sourcecode.c.objc; path = AppDelegate.m; sourceTree = "<group>"; };
		26C7C3511AF95F4D00D99828 /* RMLoginVC.h */ = {isa = PBXFileReference; lastKnownFileType = sourcecode.c.h; path = RMLoginVC.h; sourceTree = "<group>"; };
		26C7C3521AF95F4D00D99828 /* RMLoginVC.m */ = {isa = PBXFileReference; lastKnownFileType = sourcecode.c.objc; path = RMLoginVC.m; sourceTree = "<group>"; };
		26C7C3551AF95F4D00D99828 /* Base */ = {isa = PBXFileReference; lastKnownFileType = file.storyboard; name = Base; path = Base.lproj/Main.storyboard; sourceTree = "<group>"; };
		26C7C3571AF95F4D00D99828 /* Images.xcassets */ = {isa = PBXFileReference; lastKnownFileType = folder.assetcatalog; path = Images.xcassets; sourceTree = "<group>"; };
		26C7C35A1AF95F4D00D99828 /* Base */ = {isa = PBXFileReference; lastKnownFileType = file.xib; name = Base; path = Base.lproj/LaunchScreen.xib; sourceTree = "<group>"; };
		26C7C3601AF95F4D00D99828 /* CornerKitchenTests.xctest */ = {isa = PBXFileReference; explicitFileType = wrapper.cfbundle; includeInIndex = 0; path = CornerKitchenTests.xctest; sourceTree = BUILT_PRODUCTS_DIR; };
		26C7C3651AF95F4D00D99828 /* Info.plist */ = {isa = PBXFileReference; lastKnownFileType = text.plist.xml; path = Info.plist; sourceTree = "<group>"; };
		26C7C3661AF95F4D00D99828 /* CornerKitchenTests.m */ = {isa = PBXFileReference; lastKnownFileType = sourcecode.c.objc; path = CornerKitchenTests.m; sourceTree = "<group>"; };
		26C7C3701AF9607F00D99828 /* RMCheckInVC.h */ = {isa = PBXFileReference; fileEncoding = 4; lastKnownFileType = sourcecode.c.h; path = RMCheckInVC.h; sourceTree = "<group>"; };
		26C7C3711AF9607F00D99828 /* RMCheckInVC.m */ = {isa = PBXFileReference; fileEncoding = 4; lastKnownFileType = sourcecode.c.objc; path = RMCheckInVC.m; sourceTree = "<group>"; };
		26C7C3731AF9609F00D99828 /* RMTruckEditVC.h */ = {isa = PBXFileReference; fileEncoding = 4; lastKnownFileType = sourcecode.c.h; path = RMTruckEditVC.h; sourceTree = "<group>"; };
		26C7C3741AF9609F00D99828 /* RMTruckEditVC.m */ = {isa = PBXFileReference; fileEncoding = 4; lastKnownFileType = sourcecode.c.objc; path = RMTruckEditVC.m; sourceTree = "<group>"; };
		26C7C3781AF9611300D99828 /* RMDataLoader.h */ = {isa = PBXFileReference; fileEncoding = 4; lastKnownFileType = sourcecode.c.h; path = RMDataLoader.h; sourceTree = "<group>"; };
		26C7C3791AF9611300D99828 /* RMDataLoader.m */ = {isa = PBXFileReference; fileEncoding = 4; lastKnownFileType = sourcecode.c.objc; path = RMDataLoader.m; sourceTree = "<group>"; };
		26C7C37B1AF9612F00D99828 /* RMTruck.h */ = {isa = PBXFileReference; fileEncoding = 4; lastKnownFileType = sourcecode.c.h; path = RMTruck.h; sourceTree = "<group>"; };
		26C7C37C1AF9612F00D99828 /* RMTruck.m */ = {isa = PBXFileReference; fileEncoding = 4; lastKnownFileType = sourcecode.c.objc; path = RMTruck.m; sourceTree = "<group>"; };
		26C7C37E1AF961DB00D99828 /* Quicksand-Bold.ttf */ = {isa = PBXFileReference; lastKnownFileType = file; path = "Quicksand-Bold.ttf"; sourceTree = "<group>"; };
		26C7C37F1AF961DB00D99828 /* Quicksand-Light.ttf */ = {isa = PBXFileReference; lastKnownFileType = file; path = "Quicksand-Light.ttf"; sourceTree = "<group>"; };
		26C7C3801AF961DB00D99828 /* Quicksand-Regular.ttf */ = {isa = PBXFileReference; lastKnownFileType = file; path = "Quicksand-Regular.ttf"; sourceTree = "<group>"; };
		26C7C3841AFA9AAB00D99828 /* MapKit.framework */ = {isa = PBXFileReference; lastKnownFileType = wrapper.framework; name = MapKit.framework; path = System/Library/Frameworks/MapKit.framework; sourceTree = SDKROOT; };
		26C7C3861AFA9AB000D99828 /* CoreLocation.framework */ = {isa = PBXFileReference; lastKnownFileType = wrapper.framework; name = CoreLocation.framework; path = System/Library/Frameworks/CoreLocation.framework; sourceTree = SDKROOT; };
		26C80BB81AFE82EF003137F6 /* RMTruckDetailView.h */ = {isa = PBXFileReference; fileEncoding = 4; lastKnownFileType = sourcecode.c.h; path = RMTruckDetailView.h; sourceTree = "<group>"; };
		26C80BB91AFE82EF003137F6 /* RMTruckDetailView.m */ = {isa = PBXFileReference; fileEncoding = 4; lastKnownFileType = sourcecode.c.objc; path = RMTruckDetailView.m; sourceTree = "<group>"; };
		26C80BBB1AFE831F003137F6 /* RMTruckDetailView.xib */ = {isa = PBXFileReference; fileEncoding = 4; lastKnownFileType = file.xib; path = RMTruckDetailView.xib; sourceTree = "<group>"; };
		26FD72741B1656A400583D7B /* Podfile */ = {isa = PBXFileReference; fileEncoding = 4; lastKnownFileType = text; path = Podfile; sourceTree = "<group>"; };
		472797B9762AA00ED528544B /* Pods.release.xcconfig */ = {isa = PBXFileReference; includeInIndex = 1; lastKnownFileType = text.xcconfig; name = Pods.release.xcconfig; path = "Pods/Target Support Files/Pods/Pods.release.xcconfig"; sourceTree = "<group>"; };
		7899684A590F0190E443FDBB /* libPods.a */ = {isa = PBXFileReference; explicitFileType = archive.ar; includeInIndex = 0; path = libPods.a; sourceTree = BUILT_PRODUCTS_DIR; };
		92F64263AC9CD8C35B3C6B97 /* Pods.debug.xcconfig */ = {isa = PBXFileReference; includeInIndex = 1; lastKnownFileType = text.xcconfig; name = Pods.debug.xcconfig; path = "Pods/Target Support Files/Pods/Pods.debug.xcconfig"; sourceTree = "<group>"; };
/* End PBXFileReference section */

/* Begin PBXFrameworksBuildPhase section */
		26C7C3441AF95F4D00D99828 /* Frameworks */ = {
			isa = PBXFrameworksBuildPhase;
			buildActionMask = 2147483647;
			files = (
				26C1BC421B16592900FEE653 /* Accounts.framework in Frameworks */,
				26C1BC401B1658D000FEE653 /* Social.framework in Frameworks */,
				26916F181B016EA500091113 /* libsqlite3.dylib in Frameworks */,
				26916F161B016E9800091113 /* libz.dylib in Frameworks */,
				26916F141B016E8E00091113 /* SystemConfiguration.framework in Frameworks */,
				26916F121B016E8300091113 /* StoreKit.framework in Frameworks */,
				26364A251B165B2D005681A9 /* Parse.framework in Frameworks */,
				26916F101B016E7D00091113 /* Security.framework in Frameworks */,
				26916F0E1B016E7500091113 /* QuartzCore.framework in Frameworks */,
				26916F0C1B016E6D00091113 /* MobileCoreServices.framework in Frameworks */,
				26916F0A1B016E6000091113 /* CoreGraphics.framework in Frameworks */,
				26916F081B016E5700091113 /* CFNetwork.framework in Frameworks */,
				26916F061B016E5000091113 /* AudioToolbox.framework in Frameworks */,
				26C7C3871AFA9AB000D99828 /* CoreLocation.framework in Frameworks */,
				26C7C3851AFA9AAB00D99828 /* MapKit.framework in Frameworks */,
				B327FFB59F996D12910EA7B5 /* libPods.a in Frameworks */,
				26364A231B165B22005681A9 /* Bolts.framework in Frameworks */,
			);
			runOnlyForDeploymentPostprocessing = 0;
		};
		26C7C35D1AF95F4D00D99828 /* Frameworks */ = {
			isa = PBXFrameworksBuildPhase;
			buildActionMask = 2147483647;
			files = (
			);
			runOnlyForDeploymentPostprocessing = 0;
		};
/* End PBXFrameworksBuildPhase section */

/* Begin PBXGroup section */
		1585AC6B675E908E10F5FB74 /* Frameworks */ = {
			isa = PBXGroup;
			children = (
				26C1BC411B16592900FEE653 /* Accounts.framework */,
				26C1BC3F1B1658D000FEE653 /* Social.framework */,
				7899684A590F0190E443FDBB /* libPods.a */,
			);
			name = Frameworks;
			sourceTree = "<group>";
		};
		26916F191B016EB900091113 /* LinkedLibs */ = {
			isa = PBXGroup;
			children = (
				26364A241B165B2D005681A9 /* Parse.framework */,
				26916F171B016EA500091113 /* libsqlite3.dylib */,
				26364A221B165B22005681A9 /* Bolts.framework */,
				26916F131B016E8E00091113 /* SystemConfiguration.framework */,
				26916F111B016E8300091113 /* StoreKit.framework */,
				26916F0F1B016E7D00091113 /* Security.framework */,
				26916F0D1B016E7500091113 /* QuartzCore.framework */,
				26916F0B1B016E6D00091113 /* MobileCoreServices.framework */,
				26916F091B016E6000091113 /* CoreGraphics.framework */,
				26916F071B016E5700091113 /* CFNetwork.framework */,
				26916F051B016E5000091113 /* AudioToolbox.framework */,
				26C7C3861AFA9AB000D99828 /* CoreLocation.framework */,
				26C7C3841AFA9AAB00D99828 /* MapKit.framework */,
				26916F151B016E9800091113 /* libz.dylib */,
			);
			name = LinkedLibs;
			sourceTree = "<group>";
		};
		26C7C33E1AF95F4D00D99828 = {
			isa = PBXGroup;
			children = (
				26FD72741B1656A400583D7B /* Podfile */,
				26916F191B016EB900091113 /* LinkedLibs */,
				26C7C3491AF95F4D00D99828 /* CornerKitchen */,
				26C7C3631AF95F4D00D99828 /* CornerKitchenTests */,
				26C7C3481AF95F4D00D99828 /* Products */,
				BC09804C6C696440F3A4E4F0 /* Pods */,
				1585AC6B675E908E10F5FB74 /* Frameworks */,
			);
			sourceTree = "<group>";
		};
		26C7C3481AF95F4D00D99828 /* Products */ = {
			isa = PBXGroup;
			children = (
				26C7C3471AF95F4D00D99828 /* CornerKitchen.app */,
				26C7C3601AF95F4D00D99828 /* CornerKitchenTests.xctest */,
			);
			name = Products;
			sourceTree = "<group>";
		};
		26C7C3491AF95F4D00D99828 /* CornerKitchen */ = {
			isa = PBXGroup;
			children = (
				26C7C3541AF95F4D00D99828 /* Main.storyboard */,
				26C7C34E1AF95F4D00D99828 /* AppDelegate.h */,
				26C7C34F1AF95F4D00D99828 /* AppDelegate.m */,
				26C7C3761AF960B400D99828 /* ViewControllers */,
				26C7C3771AF960EA00D99828 /* DataModel */,
				26C80BB71AFE82C6003137F6 /* CustomViews */,
				26C7C3571AF95F4D00D99828 /* Images.xcassets */,
				26C7C3591AF95F4D00D99828 /* LaunchScreen.xib */,
				26C7C34A1AF95F4D00D99828 /* Supporting Files */,
			);
			path = CornerKitchen;
			sourceTree = "<group>";
		};
		26C7C34A1AF95F4D00D99828 /* Supporting Files */ = {
			isa = PBXGroup;
			children = (
				26C7C34B1AF95F4D00D99828 /* Info.plist */,
				26C7C34C1AF95F4D00D99828 /* main.m */,
				26C7C37E1AF961DB00D99828 /* Quicksand-Bold.ttf */,
				26C7C37F1AF961DB00D99828 /* Quicksand-Light.ttf */,
				26C7C3801AF961DB00D99828 /* Quicksand-Regular.ttf */,
			);
			name = "Supporting Files";
			sourceTree = "<group>";
		};
		26C7C3631AF95F4D00D99828 /* CornerKitchenTests */ = {
			isa = PBXGroup;
			children = (
				26C7C3661AF95F4D00D99828 /* CornerKitchenTests.m */,
				26C7C3641AF95F4D00D99828 /* Supporting Files */,
			);
			path = CornerKitchenTests;
			sourceTree = "<group>";
		};
		26C7C3641AF95F4D00D99828 /* Supporting Files */ = {
			isa = PBXGroup;
			children = (
				26C7C3651AF95F4D00D99828 /* Info.plist */,
			);
			name = "Supporting Files";
			sourceTree = "<group>";
		};
		26C7C3761AF960B400D99828 /* ViewControllers */ = {
			isa = PBXGroup;
			children = (
				26C7C3511AF95F4D00D99828 /* RMLoginVC.h */,
				26C7C3521AF95F4D00D99828 /* RMLoginVC.m */,
				26C7C3731AF9609F00D99828 /* RMTruckEditVC.h */,
				26C7C3741AF9609F00D99828 /* RMTruckEditVC.m */,
				26C7C3701AF9607F00D99828 /* RMCheckInVC.h */,
				26C7C3711AF9607F00D99828 /* RMCheckInVC.m */,
				26916F1A1B02359200091113 /* RMContentEditVC.h */,
				26916F1B1B02359200091113 /* RMContentEditVC.m */,
				2610FFCE1B02965E00437076 /* RMTruckSignUpVC.h */,
				2610FFCF1B02965E00437076 /* RMTruckSignUpVC.m */,
				2610FFD11B0296A400437076 /* RMPersonSignUpVC.h */,
				2610FFD21B0296A400437076 /* RMPersonSignUpVC.m */,
			);
			name = ViewControllers;
			sourceTree = "<group>";
		};
		26C7C3771AF960EA00D99828 /* DataModel */ = {
			isa = PBXGroup;
			children = (
				26C7C3781AF9611300D99828 /* RMDataLoader.h */,
				26C7C3791AF9611300D99828 /* RMDataLoader.m */,
				26C7C37B1AF9612F00D99828 /* RMTruck.h */,
				26C7C37C1AF9612F00D99828 /* RMTruck.m */,
			);
			name = DataModel;
			sourceTree = "<group>";
		};
		26C80BB71AFE82C6003137F6 /* CustomViews */ = {
			isa = PBXGroup;
			children = (
				26C80BB81AFE82EF003137F6 /* RMTruckDetailView.h */,
				26C80BB91AFE82EF003137F6 /* RMTruckDetailView.m */,
				26C80BBB1AFE831F003137F6 /* RMTruckDetailView.xib */,
				26916F1D1B02468900091113 /* RMTruckEditView.h */,
				26916F1E1B02468900091113 /* RMTruckEditView.m */,
				26916F201B0246A000091113 /* RMTruckEditView.xib */,
				260F6BE51B10C84E00ED37FB /* RMViewAnimator.h */,
				260F6BE61B10C84E00ED37FB /* RMViewAnimator.m */,
			);
			name = CustomViews;
			sourceTree = "<group>";
		};
		BC09804C6C696440F3A4E4F0 /* Pods */ = {
			isa = PBXGroup;
			children = (
				92F64263AC9CD8C35B3C6B97 /* Pods.debug.xcconfig */,
				472797B9762AA00ED528544B /* Pods.release.xcconfig */,
			);
			name = Pods;
			sourceTree = "<group>";
		};
/* End PBXGroup section */

/* Begin PBXNativeTarget section */
		26C7C3461AF95F4D00D99828 /* CornerKitchen */ = {
			isa = PBXNativeTarget;
			buildConfigurationList = 26C7C36A1AF95F4D00D99828 /* Build configuration list for PBXNativeTarget "CornerKitchen" */;
			buildPhases = (
				93B8EEB3ECD36895B804CC96 /* Check Pods Manifest.lock */,
				26C7C3431AF95F4D00D99828 /* Sources */,
				26C7C3441AF95F4D00D99828 /* Frameworks */,
				26C7C3451AF95F4D00D99828 /* Resources */,
				4EDD7EEAD212E2D435B203E3 /* Copy Pods Resources */,
			);
			buildRules = (
			);
			dependencies = (
			);
			name = CornerKitchen;
			productName = CornerKitchen;
			productReference = 26C7C3471AF95F4D00D99828 /* CornerKitchen.app */;
			productType = "com.apple.product-type.application";
		};
		26C7C35F1AF95F4D00D99828 /* CornerKitchenTests */ = {
			isa = PBXNativeTarget;
			buildConfigurationList = 26C7C36D1AF95F4D00D99828 /* Build configuration list for PBXNativeTarget "CornerKitchenTests" */;
			buildPhases = (
				26C7C35C1AF95F4D00D99828 /* Sources */,
				26C7C35D1AF95F4D00D99828 /* Frameworks */,
				26C7C35E1AF95F4D00D99828 /* Resources */,
			);
			buildRules = (
			);
			dependencies = (
				26C7C3621AF95F4D00D99828 /* PBXTargetDependency */,
			);
			name = CornerKitchenTests;
			productName = CornerKitchenTests;
			productReference = 26C7C3601AF95F4D00D99828 /* CornerKitchenTests.xctest */;
			productType = "com.apple.product-type.bundle.unit-test";
		};
/* End PBXNativeTarget section */

/* Begin PBXProject section */
		26C7C33F1AF95F4D00D99828 /* Project object */ = {
			isa = PBXProject;
			attributes = {
				LastUpgradeCheck = 0620;
				ORGANIZATIONNAME = com.rudolfmedia;
				TargetAttributes = {
					26C7C3461AF95F4D00D99828 = {
						CreatedOnToolsVersion = 6.2;
					};
					26C7C35F1AF95F4D00D99828 = {
						CreatedOnToolsVersion = 6.2;
						TestTargetID = 26C7C3461AF95F4D00D99828;
					};
				};
			};
			buildConfigurationList = 26C7C3421AF95F4D00D99828 /* Build configuration list for PBXProject "CornerKitchen" */;
			compatibilityVersion = "Xcode 3.2";
			developmentRegion = English;
			hasScannedForEncodings = 0;
			knownRegions = (
				en,
				Base,
			);
			mainGroup = 26C7C33E1AF95F4D00D99828;
			productRefGroup = 26C7C3481AF95F4D00D99828 /* Products */;
			projectDirPath = "";
			projectRoot = "";
			targets = (
				26C7C3461AF95F4D00D99828 /* CornerKitchen */,
				26C7C35F1AF95F4D00D99828 /* CornerKitchenTests */,
			);
		};
/* End PBXProject section */

/* Begin PBXResourcesBuildPhase section */
		26C7C3451AF95F4D00D99828 /* Resources */ = {
			isa = PBXResourcesBuildPhase;
			buildActionMask = 2147483647;
			files = (
				26C7C3561AF95F4D00D99828 /* Main.storyboard in Resources */,
				26C7C3831AF961DB00D99828 /* Quicksand-Regular.ttf in Resources */,
				26C80BBC1AFE831F003137F6 /* RMTruckDetailView.xib in Resources */,
				26C7C35B1AF95F4D00D99828 /* LaunchScreen.xib in Resources */,
				26C7C3581AF95F4D00D99828 /* Images.xcassets in Resources */,
				26916F211B0246A000091113 /* RMTruckEditView.xib in Resources */,
				26FD72751B1656A400583D7B /* Podfile in Resources */,
				26C7C3811AF961DB00D99828 /* Quicksand-Bold.ttf in Resources */,
				26C7C3821AF961DB00D99828 /* Quicksand-Light.ttf in Resources */,
			);
			runOnlyForDeploymentPostprocessing = 0;
		};
		26C7C35E1AF95F4D00D99828 /* Resources */ = {
			isa = PBXResourcesBuildPhase;
			buildActionMask = 2147483647;
			files = (
			);
			runOnlyForDeploymentPostprocessing = 0;
		};
/* End PBXResourcesBuildPhase section */

/* Begin PBXShellScriptBuildPhase section */
		4EDD7EEAD212E2D435B203E3 /* Copy Pods Resources */ = {
			isa = PBXShellScriptBuildPhase;
			buildActionMask = 2147483647;
			files = (
			);
			inputPaths = (
			);
			name = "Copy Pods Resources";
			outputPaths = (
			);
			runOnlyForDeploymentPostprocessing = 0;
			shellPath = /bin/sh;
			shellScript = "\"${SRCROOT}/Pods/Target Support Files/Pods/Pods-resources.sh\"\n";
			showEnvVarsInLog = 0;
		};
		93B8EEB3ECD36895B804CC96 /* Check Pods Manifest.lock */ = {
			isa = PBXShellScriptBuildPhase;
			buildActionMask = 2147483647;
			files = (
			);
			inputPaths = (
			);
			name = "Check Pods Manifest.lock";
			outputPaths = (
			);
			runOnlyForDeploymentPostprocessing = 0;
			shellPath = /bin/sh;
			shellScript = "diff \"${PODS_ROOT}/../Podfile.lock\" \"${PODS_ROOT}/Manifest.lock\" > /dev/null\nif [[ $? != 0 ]] ; then\n    cat << EOM\nerror: The sandbox is not in sync with the Podfile.lock. Run 'pod install' or update your CocoaPods installation.\nEOM\n    exit 1\nfi\n";
			showEnvVarsInLog = 0;
		};
/* End PBXShellScriptBuildPhase section */

/* Begin PBXSourcesBuildPhase section */
		26C7C3431AF95F4D00D99828 /* Sources */ = {
			isa = PBXSourcesBuildPhase;
			buildActionMask = 2147483647;
			files = (
				26C7C3751AF9609F00D99828 /* RMTruckEditVC.m in Sources */,
				26916F1F1B02468900091113 /* RMTruckEditView.m in Sources */,
				2610FFD01B02965E00437076 /* RMTruckSignUpVC.m in Sources */,
				260F6BE71B10C84E00ED37FB /* RMViewAnimator.m in Sources */,
				26C7C3531AF95F4D00D99828 /* RMLoginVC.m in Sources */,
				26C7C3721AF9607F00D99828 /* RMCheckInVC.m in Sources */,
				26916F1C1B02359200091113 /* RMContentEditVC.m in Sources */,
				26C7C37D1AF9612F00D99828 /* RMTruck.m in Sources */,
				26C80BBA1AFE82EF003137F6 /* RMTruckDetailView.m in Sources */,
				26C7C3501AF95F4D00D99828 /* AppDelegate.m in Sources */,
				26C7C34D1AF95F4D00D99828 /* main.m in Sources */,
				2610FFD31B0296A400437076 /* RMPersonSignUpVC.m in Sources */,
				26C7C37A1AF9611300D99828 /* RMDataLoader.m in Sources */,
			);
			runOnlyForDeploymentPostprocessing = 0;
		};
		26C7C35C1AF95F4D00D99828 /* Sources */ = {
			isa = PBXSourcesBuildPhase;
			buildActionMask = 2147483647;
			files = (
				26C7C3671AF95F4D00D99828 /* CornerKitchenTests.m in Sources */,
			);
			runOnlyForDeploymentPostprocessing = 0;
		};
/* End PBXSourcesBuildPhase section */

/* Begin PBXTargetDependency section */
		26C7C3621AF95F4D00D99828 /* PBXTargetDependency */ = {
			isa = PBXTargetDependency;
			target = 26C7C3461AF95F4D00D99828 /* CornerKitchen */;
			targetProxy = 26C7C3611AF95F4D00D99828 /* PBXContainerItemProxy */;
		};
/* End PBXTargetDependency section */

/* Begin PBXVariantGroup section */
		26C7C3541AF95F4D00D99828 /* Main.storyboard */ = {
			isa = PBXVariantGroup;
			children = (
				26C7C3551AF95F4D00D99828 /* Base */,
			);
			name = Main.storyboard;
			sourceTree = "<group>";
		};
		26C7C3591AF95F4D00D99828 /* LaunchScreen.xib */ = {
			isa = PBXVariantGroup;
			children = (
				26C7C35A1AF95F4D00D99828 /* Base */,
			);
			name = LaunchScreen.xib;
			sourceTree = "<group>";
		};
/* End PBXVariantGroup section */

/* Begin XCBuildConfiguration section */
		26C7C3681AF95F4D00D99828 /* Debug */ = {
			isa = XCBuildConfiguration;
			buildSettings = {
				ALWAYS_SEARCH_USER_PATHS = NO;
				CLANG_CXX_LANGUAGE_STANDARD = "gnu++0x";
				CLANG_CXX_LIBRARY = "libc++";
				CLANG_ENABLE_MODULES = YES;
				CLANG_ENABLE_OBJC_ARC = YES;
				CLANG_WARN_BOOL_CONVERSION = YES;
				CLANG_WARN_CONSTANT_CONVERSION = YES;
				CLANG_WARN_DIRECT_OBJC_ISA_USAGE = YES_ERROR;
				CLANG_WARN_EMPTY_BODY = YES;
				CLANG_WARN_ENUM_CONVERSION = YES;
				CLANG_WARN_INT_CONVERSION = YES;
				CLANG_WARN_OBJC_ROOT_CLASS = YES_ERROR;
				CLANG_WARN_UNREACHABLE_CODE = YES;
				CLANG_WARN__DUPLICATE_METHOD_MATCH = YES;
				"CODE_SIGN_IDENTITY[sdk=iphoneos*]" = "iPhone Developer";
				COPY_PHASE_STRIP = NO;
				ENABLE_STRICT_OBJC_MSGSEND = YES;
				GCC_C_LANGUAGE_STANDARD = gnu99;
				GCC_DYNAMIC_NO_PIC = NO;
				GCC_OPTIMIZATION_LEVEL = 0;
				GCC_PREPROCESSOR_DEFINITIONS = (
					"DEBUG=1",
					"$(inherited)",
				);
				GCC_SYMBOLS_PRIVATE_EXTERN = NO;
				GCC_WARN_64_TO_32_BIT_CONVERSION = YES;
				GCC_WARN_ABOUT_RETURN_TYPE = YES_ERROR;
				GCC_WARN_UNDECLARED_SELECTOR = YES;
				GCC_WARN_UNINITIALIZED_AUTOS = YES_AGGRESSIVE;
				GCC_WARN_UNUSED_FUNCTION = YES;
				GCC_WARN_UNUSED_VARIABLE = YES;
				IPHONEOS_DEPLOYMENT_TARGET = 8.2;
				MTL_ENABLE_DEBUG_INFO = YES;
				ONLY_ACTIVE_ARCH = YES;
				SDKROOT = iphoneos;
			};
			name = Debug;
		};
		26C7C3691AF95F4D00D99828 /* Release */ = {
			isa = XCBuildConfiguration;
			buildSettings = {
				ALWAYS_SEARCH_USER_PATHS = NO;
				CLANG_CXX_LANGUAGE_STANDARD = "gnu++0x";
				CLANG_CXX_LIBRARY = "libc++";
				CLANG_ENABLE_MODULES = YES;
				CLANG_ENABLE_OBJC_ARC = YES;
				CLANG_WARN_BOOL_CONVERSION = YES;
				CLANG_WARN_CONSTANT_CONVERSION = YES;
				CLANG_WARN_DIRECT_OBJC_ISA_USAGE = YES_ERROR;
				CLANG_WARN_EMPTY_BODY = YES;
				CLANG_WARN_ENUM_CONVERSION = YES;
				CLANG_WARN_INT_CONVERSION = YES;
				CLANG_WARN_OBJC_ROOT_CLASS = YES_ERROR;
				CLANG_WARN_UNREACHABLE_CODE = YES;
				CLANG_WARN__DUPLICATE_METHOD_MATCH = YES;
				"CODE_SIGN_IDENTITY[sdk=iphoneos*]" = "iPhone Developer";
				COPY_PHASE_STRIP = NO;
				ENABLE_NS_ASSERTIONS = NO;
				ENABLE_STRICT_OBJC_MSGSEND = YES;
				GCC_C_LANGUAGE_STANDARD = gnu99;
				GCC_WARN_64_TO_32_BIT_CONVERSION = YES;
				GCC_WARN_ABOUT_RETURN_TYPE = YES_ERROR;
				GCC_WARN_UNDECLARED_SELECTOR = YES;
				GCC_WARN_UNINITIALIZED_AUTOS = YES_AGGRESSIVE;
				GCC_WARN_UNUSED_FUNCTION = YES;
				GCC_WARN_UNUSED_VARIABLE = YES;
				IPHONEOS_DEPLOYMENT_TARGET = 8.2;
				MTL_ENABLE_DEBUG_INFO = NO;
				SDKROOT = iphoneos;
				VALIDATE_PRODUCT = YES;
			};
			name = Release;
		};
		26C7C36B1AF95F4D00D99828 /* Debug */ = {
			isa = XCBuildConfiguration;
			baseConfigurationReference = 92F64263AC9CD8C35B3C6B97 /* Pods.debug.xcconfig */;
			buildSettings = {
				ASSETCATALOG_COMPILER_APPICON_NAME = AppIcon;
				FRAMEWORK_SEARCH_PATHS = (
					"$(inherited)",
					"$(PROJECT_DIR)",
				);
				INFOPLIST_FILE = CornerKitchen/Info.plist;
				IPHONEOS_DEPLOYMENT_TARGET = 8.0;
				LD_RUNPATH_SEARCH_PATHS = "$(inherited) @executable_path/Frameworks";
				PRODUCT_NAME = "$(TARGET_NAME)";
			};
			name = Debug;
		};
		26C7C36C1AF95F4D00D99828 /* Release */ = {
			isa = XCBuildConfiguration;
			baseConfigurationReference = 472797B9762AA00ED528544B /* Pods.release.xcconfig */;
			buildSettings = {
				ASSETCATALOG_COMPILER_APPICON_NAME = AppIcon;
				FRAMEWORK_SEARCH_PATHS = (
					"$(inherited)",
					"$(PROJECT_DIR)",
				);
				INFOPLIST_FILE = CornerKitchen/Info.plist;
				IPHONEOS_DEPLOYMENT_TARGET = 8.0;
				LD_RUNPATH_SEARCH_PATHS = "$(inherited) @executable_path/Frameworks";
				PRODUCT_NAME = "$(TARGET_NAME)";
			};
			name = Release;
		};
		26C7C36E1AF95F4D00D99828 /* Debug */ = {
			isa = XCBuildConfiguration;
			buildSettings = {
				BUNDLE_LOADER = "$(TEST_HOST)";
				FRAMEWORK_SEARCH_PATHS = (
					"$(SDKROOT)/Developer/Library/Frameworks",
					"$(inherited)",
				);
				GCC_PREPROCESSOR_DEFINITIONS = (
					"DEBUG=1",
					"$(inherited)",
				);
				INFOPLIST_FILE = CornerKitchenTests/Info.plist;
				LD_RUNPATH_SEARCH_PATHS = "$(inherited) @executable_path/Frameworks @loader_path/Frameworks";
				PRODUCT_NAME = "$(TARGET_NAME)";
				TEST_HOST = "$(BUILT_PRODUCTS_DIR)/CornerKitchen.app/CornerKitchen";
			};
			name = Debug;
		};
		26C7C36F1AF95F4D00D99828 /* Release */ = {
			isa = XCBuildConfiguration;
			buildSettings = {
				BUNDLE_LOADER = "$(TEST_HOST)";
				FRAMEWORK_SEARCH_PATHS = (
					"$(SDKROOT)/Developer/Library/Frameworks",
					"$(inherited)",
				);
				INFOPLIST_FILE = CornerKitchenTests/Info.plist;
				LD_RUNPATH_SEARCH_PATHS = "$(inherited) @executable_path/Frameworks @loader_path/Frameworks";
				PRODUCT_NAME = "$(TARGET_NAME)";
				TEST_HOST = "$(BUILT_PRODUCTS_DIR)/CornerKitchen.app/CornerKitchen";
			};
			name = Release;
		};
/* End XCBuildConfiguration section */

/* Begin XCConfigurationList section */
		26C7C3421AF95F4D00D99828 /* Build configuration list for PBXProject "CornerKitchen" */ = {
			isa = XCConfigurationList;
			buildConfigurations = (
				26C7C3681AF95F4D00D99828 /* Debug */,
				26C7C3691AF95F4D00D99828 /* Release */,
			);
			defaultConfigurationIsVisible = 0;
			defaultConfigurationName = Release;
		};
		26C7C36A1AF95F4D00D99828 /* Build configuration list for PBXNativeTarget "CornerKitchen" */ = {
			isa = XCConfigurationList;
			buildConfigurations = (
				26C7C36B1AF95F4D00D99828 /* Debug */,
				26C7C36C1AF95F4D00D99828 /* Release */,
			);
			defaultConfigurationIsVisible = 0;
			defaultConfigurationName = Release;
		};
		26C7C36D1AF95F4D00D99828 /* Build configuration list for PBXNativeTarget "CornerKitchenTests" */ = {
			isa = XCConfigurationList;
			buildConfigurations = (
				26C7C36E1AF95F4D00D99828 /* Debug */,
				26C7C36F1AF95F4D00D99828 /* Release */,
			);
			defaultConfigurationIsVisible = 0;
			defaultConfigurationName = Release;
		};
/* End XCConfigurationList section */
	};
	rootObject = 26C7C33F1AF95F4D00D99828 /* Project object */;
}
